
Microsoft Visual Studio Solution File, Format Version 12.00
# Visual Studio Version 16
VisualStudioVersion = 16.0.31313.79
MinimumVisualStudioVersion = 10.0.40219.1
Project("{FAE04EC0-301F-11D3-BF4B-00C04F79EFBC}") = "WebApplication5", "WebApplication5\WebApplication5.csproj", "{9BA9AC8B-88A7-4910-BEAB-84BFB64DD2D9}"
EndProject
Global
	GlobalSection(SolutionConfigurationPlatforms) = preSolution
		Debug|Any CPU = Debug|Any CPU
		Release|Any CPU = Release|Any CPU
	EndGlobalSection
	GlobalSection(ProjectConfigurationPlatforms) = postSolution
		{9BA9AC8B-88A7-4910-BEAB-84BFB64DD2D9}.Debug|Any CPU.ActiveCfg = Debug|Any CPU
		{9BA9AC8B-88A7-4910-BEAB-84BFB64DD2D9}.Debug|Any CPU.Build.0 = Debug|Any CPU
		{9BA9AC8B-88A7-4910-BEAB-84BFB64DD2D9}.Release|Any CPU.ActiveCfg = Release|Any CPU
		{9BA9AC8B-88A7-4910-BEAB-84BFB64DD2D9}.Release|Any CPU.Build.0 = Release|Any CPU
	EndGlobalSection
	GlobalSection(SolutionProperties) = preSolution
		HideSolutionNode = FALSE
	EndGlobalSection
	GlobalSection(ExtensibilityGlobals) = postSolution
		SolutionGuid = {266169EE-73A1-491B-BF63-29388A06A35B}
	EndGlobalSection
EndGlobal
